{
  "name": "influxgui",
  "lockfileVersion": 3,
  "requires": true,
  "packages": {
    "": {
      "dependencies": {
        "vanilla-datatables": "^1.6.16"
      }
    },
    "node_modules/vanilla-datatables": {
      "version": "1.6.16",
      "resolved": "https://registry.npmjs.org/vanilla-datatables/-/vanilla-datatables-1.6.16.tgz",
      "integrity": "sha512-XgxfNpHg+vN5icXd2wvaasG1uq4cTECNo5WU9QULlFV4EpGuSMMGKY6b8lq4QSWL1Zq4+g17e5X0fWmKwopWkw=="
    }
  }
}
